
Microsoft Visual Studio Solution File, Format Version 12.00
# Visual Studio 15
VisualStudioVersion = 15.0.27428.2037
MinimumVisualStudioVersion = 10.0.40219.1
Project("{FAE04EC0-301F-11D3-BF4B-00C04F79EFBC}") = "ping", "ping\ping.csproj", "{D9FE4EF0-2B9B-402A-A018-B76AD83B7B22}"
EndProject
Global
	GlobalSection(SolutionConfigurationPlatforms) = preSolution
		Debug|Any CPU = Debug|Any CPU
		Release|Any CPU = Release|Any CPU
	EndGlobalSection
	GlobalSection(ProjectConfigurationPlatforms) = postSolution
		{D9FE4EF0-2B9B-402A-A018-B76AD83B7B22}.Debug|Any CPU.ActiveCfg = Debug|Any CPU
		{D9FE4EF0-2B9B-402A-A018-B76AD83B7B22}.Debug|Any CPU.Build.0 = Debug|Any CPU
		{D9FE4EF0-2B9B-402A-A018-B76AD83B7B22}.Release|Any CPU.ActiveCfg = Release|Any CPU
		{D9FE4EF0-2B9B-402A-A018-B76AD83B7B22}.Release|Any CPU.Build.0 = Release|Any CPU
	EndGlobalSection
	GlobalSection(SolutionProperties) = preSolution
		HideSolutionNode = FALSE
	EndGlobalSection
	GlobalSection(ExtensibilityGlobals) = postSolution
		SolutionGuid = {5498DD26-2643-47A4-BC71-B9657D4E65F3}
	EndGlobalSection
EndGlobal
